
Microsoft Visual Studio Solution File, Format Version 12.00
# Visual Studio 14
VisualStudioVersion = 14.0.25420.1
MinimumVisualStudioVersion = 10.0.40219.1
Project("{FAE04EC0-301F-11D3-BF4B-00C04F79EFBC}") = "PasswordGenerator", "PasswordGenerator\PasswordGenerator.csproj", "{3509DEAD-40BE-46F4-A594-F81E9BE2D74B}"
EndProject
Project("{FAE04EC0-301F-11D3-BF4B-00C04F79EFBC}") = "PasswordGenerator.Test", "PasswordGenerator.Test\PasswordGenerator.Test.csproj", "{EA139C42-1361-44A6-94FE-38A82BA8A2E3}"
EndProject
Global
	GlobalSection(SolutionConfigurationPlatforms) = preSolution
		Debug|Any CPU = Debug|Any CPU
		Release|Any CPU = Release|Any CPU
	EndGlobalSection
	GlobalSection(ProjectConfigurationPlatforms) = postSolution
		{3509DEAD-40BE-46F4-A594-F81E9BE2D74B}.Debug|Any CPU.ActiveCfg = Debug|Any CPU
		{3509DEAD-40BE-46F4-A594-F81E9BE2D74B}.Debug|Any CPU.Build.0 = Debug|Any CPU
		{3509DEAD-40BE-46F4-A594-F81E9BE2D74B}.Release|Any CPU.ActiveCfg = Release|Any CPU
		{3509DEAD-40BE-46F4-A594-F81E9BE2D74B}.Release|Any CPU.Build.0 = Release|Any CPU
		{EA139C42-1361-44A6-94FE-38A82BA8A2E3}.Debug|Any CPU.ActiveCfg = Debug|Any CPU
		{EA139C42-1361-44A6-94FE-38A82BA8A2E3}.Debug|Any CPU.Build.0 = Debug|Any CPU
		{EA139C42-1361-44A6-94FE-38A82BA8A2E3}.Release|Any CPU.ActiveCfg = Release|Any CPU
		{EA139C42-1361-44A6-94FE-38A82BA8A2E3}.Release|Any CPU.Build.0 = Release|Any CPU
	EndGlobalSection
	GlobalSection(SolutionProperties) = preSolution
		HideSolutionNode = FALSE
	EndGlobalSection
EndGlobal
